# This file is generated by running "yarn install" inside your project.
# Manual changes might be lost - proceed with caution!

__metadata:
  version: 4
  cacheKey: 7

"@types/lodash@npm:^4.14.165":
  version: 4.14.165
  resolution: "@types/lodash@npm:4.14.165"
  checksum: 525bfc34b0b591cc957125a961c70e63e5ad8b23cbd89b7594a5ea74823285b6d96993a7eec506e26b379ee52dc9dcd3a894ff210be4c97bccb536e62361dbc8
  languageName: node
  linkType: hard

"app@workspace:.":
  version: 0.0.0-use.local
  resolution: "app@workspace:."
  dependencies:
    "@types/lodash": ^4.14.165
    lodash: ^4.17.20
    typescript: ^4.0.5
  languageName: unknown
  linkType: soft

"lodash@npm:^4.17.20":
  version: 4.17.20
  resolution: "lodash@npm:4.17.20"
  checksum: c62101d2500c383b5f174a7e9e6fe8098149ddd6e9ccfa85f36d4789446195f5c4afd3cfba433026bcaf3da271256566b04a2bf2618e5a39f6e67f8c12030cb6
  languageName: node
  linkType: hard

typescript@^4.0.5:
  version: 4.0.5
  resolution: "typescript@npm:4.0.5"
  bin:
    tsc: bin/tsc
    tsserver: bin/tsserver
  checksum: ce94d4bbb914cc9d6fbd42e1476ab18c3292b262b8ba7ba76cd167a858545207a604e75bf1efbb75b8654c8f85deaa19795c3ef00098d7612855139b4ecc0240
  languageName: node
  linkType: hard

"typescript@patch:typescript@^4.0.5#builtin<compat/typescript>":
  version: 4.0.5
  resolution: "typescript@patch:typescript@npm%3A4.0.5#builtin<compat/typescript>::version=4.0.5&hash=5b26c6"
  bin:
    tsc: bin/tsc
    tsserver: bin/tsserver
  checksum: a5d7f9b825e031978822eec62d3821c9eba9e6ae111e17be8ddcf1f001ab4e3a18075ffe1a88f3b53a48ce15bb6eeb320c3916994e9b5d1bfdd45026275acd00
  languageName: node
  linkType: hard
